
Microsoft Visual Studio Solution File, Format Version 12.00
# Visual Studio Version 16
VisualStudioVersion = 16.0.31729.503
MinimumVisualStudioVersion = 10.0.40219.1
Project("{FAE04EC0-301F-11D3-BF4B-00C04F79EFBC}") = "CrudEntityContactos1", "CrudEntityContactos1\CrudEntityContactos1.csproj", "{917F29EA-FB78-4A4A-9201-07887F52A50A}"
EndProject
Global
	GlobalSection(SolutionConfigurationPlatforms) = preSolution
		Debug|Any CPU = Debug|Any CPU
		Release|Any CPU = Release|Any CPU
	EndGlobalSection
	GlobalSection(ProjectConfigurationPlatforms) = postSolution
		{917F29EA-FB78-4A4A-9201-07887F52A50A}.Debug|Any CPU.ActiveCfg = Debug|Any CPU
		{917F29EA-FB78-4A4A-9201-07887F52A50A}.Debug|Any CPU.Build.0 = Debug|Any CPU
		{917F29EA-FB78-4A4A-9201-07887F52A50A}.Release|Any CPU.ActiveCfg = Release|Any CPU
		{917F29EA-FB78-4A4A-9201-07887F52A50A}.Release|Any CPU.Build.0 = Release|Any CPU
	EndGlobalSection
	GlobalSection(SolutionProperties) = preSolution
		HideSolutionNode = FALSE
	EndGlobalSection
	GlobalSection(ExtensibilityGlobals) = postSolution
		SolutionGuid = {3DC1E70C-923F-4D70-826E-BFED389930E6}
	EndGlobalSection
EndGlobal
