
Microsoft Visual Studio Solution File, Format Version 12.00
# Visual Studio Version 16
VisualStudioVersion = 16.0.31729.503
MinimumVisualStudioVersion = 10.0.40219.1
Project("{FAE04EC0-301F-11D3-BF4B-00C04F79EFBC}") = "SerieFibonacci", "SerieFibonacci\SerieFibonacci.csproj", "{F1FB6F4A-D593-487B-A7E8-16017CE75CD6}"
EndProject
Global
	GlobalSection(SolutionConfigurationPlatforms) = preSolution
		Debug|Any CPU = Debug|Any CPU
		Release|Any CPU = Release|Any CPU
	EndGlobalSection
	GlobalSection(ProjectConfigurationPlatforms) = postSolution
		{F1FB6F4A-D593-487B-A7E8-16017CE75CD6}.Debug|Any CPU.ActiveCfg = Debug|Any CPU
		{F1FB6F4A-D593-487B-A7E8-16017CE75CD6}.Debug|Any CPU.Build.0 = Debug|Any CPU
		{F1FB6F4A-D593-487B-A7E8-16017CE75CD6}.Release|Any CPU.ActiveCfg = Release|Any CPU
		{F1FB6F4A-D593-487B-A7E8-16017CE75CD6}.Release|Any CPU.Build.0 = Release|Any CPU
	EndGlobalSection
	GlobalSection(SolutionProperties) = preSolution
		HideSolutionNode = FALSE
	EndGlobalSection
	GlobalSection(ExtensibilityGlobals) = postSolution
		SolutionGuid = {9760ACBA-7B0F-4C3F-8970-4699E9105C19}
	EndGlobalSection
EndGlobal
