
Microsoft Visual Studio Solution File, Format Version 12.00
# Visual Studio Version 16
VisualStudioVersion = 16.0.31515.178
MinimumVisualStudioVersion = 10.0.40219.1
Project("{FAE04EC0-301F-11D3-BF4B-00C04F79EFBC}") = "MvcPersona", "MvcPersona\MvcPersona.csproj", "{2D5870A9-E011-475A-BFCF-9A20F83A6508}"
EndProject
Global
	GlobalSection(SolutionConfigurationPlatforms) = preSolution
		Debug|Any CPU = Debug|Any CPU
		Release|Any CPU = Release|Any CPU
	EndGlobalSection
	GlobalSection(ProjectConfigurationPlatforms) = postSolution
		{2D5870A9-E011-475A-BFCF-9A20F83A6508}.Debug|Any CPU.ActiveCfg = Debug|Any CPU
		{2D5870A9-E011-475A-BFCF-9A20F83A6508}.Debug|Any CPU.Build.0 = Debug|Any CPU
		{2D5870A9-E011-475A-BFCF-9A20F83A6508}.Release|Any CPU.ActiveCfg = Release|Any CPU
		{2D5870A9-E011-475A-BFCF-9A20F83A6508}.Release|Any CPU.Build.0 = Release|Any CPU
	EndGlobalSection
	GlobalSection(SolutionProperties) = preSolution
		HideSolutionNode = FALSE
	EndGlobalSection
	GlobalSection(ExtensibilityGlobals) = postSolution
		SolutionGuid = {BA28B869-99C0-4710-A007-61AFFB29B8F1}
	EndGlobalSection
EndGlobal
