
Microsoft Visual Studio Solution File, Format Version 12.00
# Visual Studio Version 16
VisualStudioVersion = 16.0.31515.178
MinimumVisualStudioVersion = 10.0.40219.1
Project("{FAE04EC0-301F-11D3-BF4B-00C04F79EFBC}") = "MvcProductos", "MvcProductos\MvcProductos.csproj", "{4AF9D8AB-B3D6-4A7F-A01F-0EAC50345D75}"
EndProject
Global
	GlobalSection(SolutionConfigurationPlatforms) = preSolution
		Debug|Any CPU = Debug|Any CPU
		Release|Any CPU = Release|Any CPU
	EndGlobalSection
	GlobalSection(ProjectConfigurationPlatforms) = postSolution
		{4AF9D8AB-B3D6-4A7F-A01F-0EAC50345D75}.Debug|Any CPU.ActiveCfg = Debug|Any CPU
		{4AF9D8AB-B3D6-4A7F-A01F-0EAC50345D75}.Debug|Any CPU.Build.0 = Debug|Any CPU
		{4AF9D8AB-B3D6-4A7F-A01F-0EAC50345D75}.Release|Any CPU.ActiveCfg = Release|Any CPU
		{4AF9D8AB-B3D6-4A7F-A01F-0EAC50345D75}.Release|Any CPU.Build.0 = Release|Any CPU
	EndGlobalSection
	GlobalSection(SolutionProperties) = preSolution
		HideSolutionNode = FALSE
	EndGlobalSection
	GlobalSection(ExtensibilityGlobals) = postSolution
		SolutionGuid = {818246F4-FD9C-4045-9D7C-605A21E4180F}
	EndGlobalSection
EndGlobal
